<?xml version="1.0" encoding="utf-8"?>
<Project ToolsVersion="4.0" xmlns="http://schemas.microsoft.com/developer/msbuild/2003">
  <ItemGroup>
    <Filter Include="Source Files">
      <UniqueIdentifier>{4FC737F1-C7A5-4376-A066-2A32D752A2FF}</UniqueIdentifier>
      <Extensions>cpp;c;cc;cxx;def;odl;idl;hpj;bat;asm;asmx</Extensions>
    </Filter>
    <Filter Include="Header Files">
      <UniqueIdentifier>{93995380-89BD-4b04-88EB-625FBE52EBFB}</UniqueIdentifier>
      <Extensions>h;hh;hpp;hxx;hm;inl;inc;xsd</Extensions>
    </Filter>
    <Filter Include="grfx">
      <UniqueIdentifier>{fc138807-6e0a-458e-8a18-af897d48d7a3}</UniqueIdentifier>
    </Filter>
  </ItemGroup>
  <ItemGroup>
    <ClCompile Include="..\main.cpp">
      <Filter>Source Files</Filter>
    </ClCompile>
    <ClCompile Include="..\tiledmap.cpp">
      <Filter>Source Files</Filter>
    </ClCompile>
    <ClCompile Include="..\constants.cpp">
      <Filter>Source Files</Filter>
    </ClCompile>
    <ClCompile Include="..\utils.cpp">
      <Filter>Source Files</Filter>
    </ClCompile>
    <ClCompile Include="..\sprite.cpp">
      <Filter>Source Files</Filter>
    </ClCompile>
    <ClCompile Include="..\gameharness.cpp">
      <Filter>Source Files</Filter>
    </ClCompile>
    <ClCompile Include="..\ghost.cpp">
      <Filter>Source Files</Filter>
    </ClCompile>
    <ClCompile Include="..\player.cpp">
      <Filter>Source Files</Filter>
    </ClCompile>
    <ClCompile Include="..\blinky.cpp">
      <Filter>Source Files</Filter>
    </ClCompile>
    <ClCompile Include="..\pinky.cpp">
      <Filter>Source Files</Filter>
    </ClCompile>
    <ClCompile Include="..\inky.cpp">
      <Filter>Source Files</Filter>
    </ClCompile>
    <ClCompile Include="..\clyde.cpp">
      <Filter>Source Files</Filter>
    </ClCompile>
  </ItemGroup>
  <ItemGroup>
    <ClInclude Include="..\include\tiledmap.h">
      <Filter>Header Files</Filter>
    </ClInclude>
    <ClInclude Include="..\include\constants.h">
      <Filter>Header Files</Filter>
    </ClInclude>
    <ClInclude Include="..\include\utils.h">
      <Filter>Header Files</Filter>
    </ClInclude>
    <ClInclude Include="..\include\sprite.h">
      <Filter>Header Files</Filter>
    </ClInclude>
    <ClInclude Include="..\include\spriteanimation.h">
      <Filter>Header Files</Filter>
    </ClInclude>
    <ClInclude Include="..\include\maze.h">
      <Filter>Header Files</Filter>
    </ClInclude>
    <ClInclude Include="..\include\gameharness.h">
      <Filter>Header Files</Filter>
    </ClInclude>
    <ClInclude Include="..\include\ghost.h">
      <Filter>Header Files</Filter>
    </ClInclude>
    <ClInclude Include="..\include\player.h">
      <Filter>Header Files</Filter>
    </ClInclude>
    <ClInclude Include="..\include\blinky.h">
      <Filter>Header Files</Filter>
    </ClInclude>
    <ClInclude Include="..\include\pinky.h">
      <Filter>Header Files</Filter>
    </ClInclude>
    <ClInclude Include="..\include\inky.h">
      <Filter>Header Files</Filter>
    </ClInclude>
    <ClInclude Include="..\include\clyde.h">
      <Filter>Header Files</Filter>
    </ClInclude>
  </ItemGroup>
  <ItemGroup>
    <Image Include="grfx\spritesheet.png">
      <Filter>grfx</Filter>
    </Image>
    <Image Include="grfx\tiles.png">
      <Filter>grfx</Filter>
    </Image>
  </ItemGroup>
</Project>